
Microsoft Visual Studio Solution File, Format Version 12.00
# Visual Studio 2013
VisualStudioVersion = 12.0.31101.0
MinimumVisualStudioVersion = 10.0.40219.1
Project("{FAE04EC0-301F-11D3-BF4B-00C04F79EFBC}") = "Quince.Admin", "Quince.Admin\Quince.Admin.csproj", "{EEA03FA5-51DC-410E-9CAE-9DF736EBE53F}"
EndProject
Project("{FAE04EC0-301F-11D3-BF4B-00C04F79EFBC}") = "Quince.Admin.Core", "Quince.Admin.Core\Quince.Admin.Core.csproj", "{6076E8E9-28A4-40DF-BDC8-8BD96385F882}"
EndProject
Project("{2150E333-8FDC-42A3-9474-1A3956D46DE8}") = ".nuget", ".nuget", "{0CE7D516-CF7C-49BA-AFBB-3CF6E90ED648}"
EndProject
Global
	GlobalSection(SolutionConfigurationPlatforms) = preSolution
		Debug|Any CPU = Debug|Any CPU
		Release|Any CPU = Release|Any CPU
	EndGlobalSection
	GlobalSection(ProjectConfigurationPlatforms) = postSolution
		{EEA03FA5-51DC-410E-9CAE-9DF736EBE53F}.Debug|Any CPU.ActiveCfg = Debug|Any CPU
		{EEA03FA5-51DC-410E-9CAE-9DF736EBE53F}.Debug|Any CPU.Build.0 = Debug|Any CPU
		{EEA03FA5-51DC-410E-9CAE-9DF736EBE53F}.Release|Any CPU.ActiveCfg = Release|Any CPU
		{EEA03FA5-51DC-410E-9CAE-9DF736EBE53F}.Release|Any CPU.Build.0 = Release|Any CPU
		{6076E8E9-28A4-40DF-BDC8-8BD96385F882}.Debug|Any CPU.ActiveCfg = Debug|Any CPU
		{6076E8E9-28A4-40DF-BDC8-8BD96385F882}.Debug|Any CPU.Build.0 = Debug|Any CPU
		{6076E8E9-28A4-40DF-BDC8-8BD96385F882}.Release|Any CPU.ActiveCfg = Release|Any CPU
		{6076E8E9-28A4-40DF-BDC8-8BD96385F882}.Release|Any CPU.Build.0 = Release|Any CPU
	EndGlobalSection
	GlobalSection(SolutionProperties) = preSolution
		HideSolutionNode = FALSE
	EndGlobalSection
EndGlobal
